Microsoft Visual Studio Solution File, Format Version 12.00
# Visual Studio Version 17
VisualStudioVersion = 17.5.2.0
MinimumVisualStudioVersion = 10.0.40219.1
Project("{FAE04EC0-301F-11D3-BF4B-00C04F79EFBC}") = "_projtask4_8_aug", "_projtask4_8_aug.csproj", "{F6516B71-0C9D-DEC9-1920-AE121FE93888}"
EndProject
Global
	GlobalSection(SolutionConfigurationPlatforms) = preSolution
		Debug|Any CPU = Debug|Any CPU
		Release|Any CPU = Release|Any CPU
	EndGlobalSection
	GlobalSection(ProjectConfigurationPlatforms) = postSolution
		{F6516B71-0C9D-DEC9-1920-AE121FE93888}.Debug|Any CPU.ActiveCfg = Debug|Any CPU
		{F6516B71-0C9D-DEC9-1920-AE121FE93888}.Debug|Any CPU.Build.0 = Debug|Any CPU
		{F6516B71-0C9D-DEC9-1920-AE121FE93888}.Release|Any CPU.ActiveCfg = Release|Any CPU
		{F6516B71-0C9D-DEC9-1920-AE121FE93888}.Release|Any CPU.Build.0 = Release|Any CPU
	EndGlobalSection
	GlobalSection(SolutionProperties) = preSolution
		HideSolutionNode = FALSE
	EndGlobalSection
	GlobalSection(ExtensibilityGlobals) = postSolution
		SolutionGuid = {7B3EA69E-75E7-417A-B9C4-5143CFBB6E41}
	EndGlobalSection
EndGlobal
